
Microsoft Visual Studio Solution File, Format Version 12.00
# Visual Studio Version 16
VisualStudioVersion = 16.0.31605.320
MinimumVisualStudioVersion = 10.0.40219.1
Project("{9A19103F-16F7-4668-BE54-9A1E7A4F7556}") = "TeeChat.Data", "TeeChat.Data\TeeChat.Data.csproj", "{CE15D3AA-190F-4C86-9DA7-A2CD1CF42B26}"
EndProject
Project("{2150E333-8FDC-42A3-9474-1A3956D46DE8}") = "Infrastructure", "Infrastructure", "{AAC55DD3-BFC5-4B9A-8088-5E4B80B524F6}"
EndProject
Project("{2150E333-8FDC-42A3-9474-1A3956D46DE8}") = "Hosts", "Hosts", "{37423A94-C91B-43DE-9464-09831FE0DD98}"
EndProject
Project("{2150E333-8FDC-42A3-9474-1A3956D46DE8}") = "Domain", "Domain", "{52E2D8ED-367D-4FC7-80F5-AA3C3199C0C2}"
EndProject
Project("{9A19103F-16F7-4668-BE54-9A1E7A4F7556}") = "TeeChat.Utilities", "TeeChat.Utilities\TeeChat.Utilities.csproj", "{F1E77EF5-B0A7-4DAB-B50E-2EE209DA2BCA}"
EndProject
Project("{9A19103F-16F7-4668-BE54-9A1E7A4F7556}") = "TeeChat.Application", "TeeChat.Application\TeeChat.Application.csproj", "{16FDF325-8547-40DC-AD0B-0FF541935301}"
EndProject
Project("{9A19103F-16F7-4668-BE54-9A1E7A4F7556}") = "TeeChat.Hubs", "TeeChat.Hubs\TeeChat.Hubs.csproj", "{A7B4B3CD-0DBD-4A01-B66C-39E262FA56D1}"
EndProject
Project("{9A19103F-16F7-4668-BE54-9A1E7A4F7556}") = "TeeChat.Models", "TeeChat.Models\TeeChat.Models.csproj", "{B638FC46-D98B-43ED-9DEB-EF11D2682F10}"
EndProject
Project("{9A19103F-16F7-4668-BE54-9A1E7A4F7556}") = "TeeChat.Api", "TeeChat.Api\TeeChat.Api.csproj", "{183148A5-FD86-4DAA-BAD5-9188C9102B29}"
EndProject
Global
	GlobalSection(SolutionConfigurationPlatforms) = preSolution
		Debug|Any CPU = Debug|Any CPU
		Release|Any CPU = Release|Any CPU
	EndGlobalSection
	GlobalSection(ProjectConfigurationPlatforms) = postSolution
		{CE15D3AA-190F-4C86-9DA7-A2CD1CF42B26}.Debug|Any CPU.ActiveCfg = Debug|Any CPU
		{CE15D3AA-190F-4C86-9DA7-A2CD1CF42B26}.Debug|Any CPU.Build.0 = Debug|Any CPU
		{CE15D3AA-190F-4C86-9DA7-A2CD1CF42B26}.Release|Any CPU.ActiveCfg = Release|Any CPU
		{CE15D3AA-190F-4C86-9DA7-A2CD1CF42B26}.Release|Any CPU.Build.0 = Release|Any CPU
		{F1E77EF5-B0A7-4DAB-B50E-2EE209DA2BCA}.Debug|Any CPU.ActiveCfg = Debug|Any CPU
		{F1E77EF5-B0A7-4DAB-B50E-2EE209DA2BCA}.Debug|Any CPU.Build.0 = Debug|Any CPU
		{F1E77EF5-B0A7-4DAB-B50E-2EE209DA2BCA}.Release|Any CPU.ActiveCfg = Release|Any CPU
		{F1E77EF5-B0A7-4DAB-B50E-2EE209DA2BCA}.Release|Any CPU.Build.0 = Release|Any CPU
		{16FDF325-8547-40DC-AD0B-0FF541935301}.Debug|Any CPU.ActiveCfg = Debug|Any CPU
		{16FDF325-8547-40DC-AD0B-0FF541935301}.Debug|Any CPU.Build.0 = Debug|Any CPU
		{16FDF325-8547-40DC-AD0B-0FF541935301}.Release|Any CPU.ActiveCfg = Release|Any CPU
		{16FDF325-8547-40DC-AD0B-0FF541935301}.Release|Any CPU.Build.0 = Release|Any CPU
		{A7B4B3CD-0DBD-4A01-B66C-39E262FA56D1}.Debug|Any CPU.ActiveCfg = Debug|Any CPU
		{A7B4B3CD-0DBD-4A01-B66C-39E262FA56D1}.Debug|Any CPU.Build.0 = Debug|Any CPU
		{A7B4B3CD-0DBD-4A01-B66C-39E262FA56D1}.Release|Any CPU.ActiveCfg = Release|Any CPU
		{A7B4B3CD-0DBD-4A01-B66C-39E262FA56D1}.Release|Any CPU.Build.0 = Release|Any CPU
		{B638FC46-D98B-43ED-9DEB-EF11D2682F10}.Debug|Any CPU.ActiveCfg = Debug|Any CPU
		{B638FC46-D98B-43ED-9DEB-EF11D2682F10}.Debug|Any CPU.Build.0 = Debug|Any CPU
		{B638FC46-D98B-43ED-9DEB-EF11D2682F10}.Release|Any CPU.ActiveCfg = Release|Any CPU
		{B638FC46-D98B-43ED-9DEB-EF11D2682F10}.Release|Any CPU.Build.0 = Release|Any CPU
		{183148A5-FD86-4DAA-BAD5-9188C9102B29}.Debug|Any CPU.ActiveCfg = Debug|Any CPU
		{183148A5-FD86-4DAA-BAD5-9188C9102B29}.Debug|Any CPU.Build.0 = Debug|Any CPU
		{183148A5-FD86-4DAA-BAD5-9188C9102B29}.Release|Any CPU.ActiveCfg = Release|Any CPU
		{183148A5-FD86-4DAA-BAD5-9188C9102B29}.Release|Any CPU.Build.0 = Release|Any CPU
	EndGlobalSection
	GlobalSection(SolutionProperties) = preSolution
		HideSolutionNode = FALSE
	EndGlobalSection
	GlobalSection(NestedProjects) = preSolution
		{CE15D3AA-190F-4C86-9DA7-A2CD1CF42B26} = {52E2D8ED-367D-4FC7-80F5-AA3C3199C0C2}
		{F1E77EF5-B0A7-4DAB-B50E-2EE209DA2BCA} = {AAC55DD3-BFC5-4B9A-8088-5E4B80B524F6}
		{16FDF325-8547-40DC-AD0B-0FF541935301} = {52E2D8ED-367D-4FC7-80F5-AA3C3199C0C2}
		{A7B4B3CD-0DBD-4A01-B66C-39E262FA56D1} = {52E2D8ED-367D-4FC7-80F5-AA3C3199C0C2}
		{B638FC46-D98B-43ED-9DEB-EF11D2682F10} = {AAC55DD3-BFC5-4B9A-8088-5E4B80B524F6}
		{183148A5-FD86-4DAA-BAD5-9188C9102B29} = {37423A94-C91B-43DE-9464-09831FE0DD98}
	EndGlobalSection
	GlobalSection(ExtensibilityGlobals) = postSolution
		SolutionGuid = {2780B592-647A-4592-8B88-05D7764869A4}
	EndGlobalSection
EndGlobal
